
Microsoft Visual Studio Solution File, Format Version 12.00
# Visual Studio 2013
VisualStudioVersion = 12.0.30501.0
MinimumVisualStudioVersion = 10.0.40219.1
Project("{FAE04EC0-301F-11D3-BF4B-00C04F79EFBC}") = "DeCorrespondent", "DeCorrespondent.csproj", "{6E9AFCA5-BCCA-40F2-971E-7C353992CA7C}"
EndProject
Project("{FAE04EC0-301F-11D3-BF4B-00C04F79EFBC}") = "DeCorrespondent.Test", "..\DeCorrespondent.Test\DeCorrespondent.Test.csproj", "{E5C7BDA0-B291-45B7-B5FB-539F50BA932D}"
EndProject
Global
	GlobalSection(SolutionConfigurationPlatforms) = preSolution
		Debug|Any CPU = Debug|Any CPU
		Release|Any CPU = Release|Any CPU
	EndGlobalSection
	GlobalSection(ProjectConfigurationPlatforms) = postSolution
		{6E9AFCA5-BCCA-40F2-971E-7C353992CA7C}.Debug|Any CPU.ActiveCfg = Debug|Any CPU
		{6E9AFCA5-BCCA-40F2-971E-7C353992CA7C}.Debug|Any CPU.Build.0 = Debug|Any CPU
		{6E9AFCA5-BCCA-40F2-971E-7C353992CA7C}.Release|Any CPU.ActiveCfg = Release|Any CPU
		{6E9AFCA5-BCCA-40F2-971E-7C353992CA7C}.Release|Any CPU.Build.0 = Release|Any CPU
		{E5C7BDA0-B291-45B7-B5FB-539F50BA932D}.Debug|Any CPU.ActiveCfg = Debug|Any CPU
		{E5C7BDA0-B291-45B7-B5FB-539F50BA932D}.Debug|Any CPU.Build.0 = Debug|Any CPU
		{E5C7BDA0-B291-45B7-B5FB-539F50BA932D}.Release|Any CPU.ActiveCfg = Release|Any CPU
		{E5C7BDA0-B291-45B7-B5FB-539F50BA932D}.Release|Any CPU.Build.0 = Release|Any CPU
	EndGlobalSection
	GlobalSection(SolutionProperties) = preSolution
		HideSolutionNode = FALSE
	EndGlobalSection
EndGlobal
